
Microsoft Visual Studio Solution File, Format Version 12.00
# Visual Studio Version 16
VisualStudioVersion = 16.0.31729.503
MinimumVisualStudioVersion = 10.0.40219.1
Project("{FAE04EC0-301F-11D3-BF4B-00C04F79EFBC}") = "BevacquaPasswordGeneratorApp", "BevacquaPasswordGeneratorApp\BevacquaPasswordGeneratorApp.csproj", "{D1F03068-BEEC-40B4-BEA5-6A61E8D8AACC}"
EndProject
Global
	GlobalSection(SolutionConfigurationPlatforms) = preSolution
		Debug|Any CPU = Debug|Any CPU
		Release|Any CPU = Release|Any CPU
	EndGlobalSection
	GlobalSection(ProjectConfigurationPlatforms) = postSolution
		{D1F03068-BEEC-40B4-BEA5-6A61E8D8AACC}.Debug|Any CPU.ActiveCfg = Debug|Any CPU
		{D1F03068-BEEC-40B4-BEA5-6A61E8D8AACC}.Debug|Any CPU.Build.0 = Debug|Any CPU
		{D1F03068-BEEC-40B4-BEA5-6A61E8D8AACC}.Release|Any CPU.ActiveCfg = Release|Any CPU
		{D1F03068-BEEC-40B4-BEA5-6A61E8D8AACC}.Release|Any CPU.Build.0 = Release|Any CPU
	EndGlobalSection
	GlobalSection(SolutionProperties) = preSolution
		HideSolutionNode = FALSE
	EndGlobalSection
	GlobalSection(ExtensibilityGlobals) = postSolution
		SolutionGuid = {A83B9D86-19C0-49A0-96A2-9B87270D15B2}
	EndGlobalSection
EndGlobal
